
Microsoft Visual Studio Solution File, Format Version 12.00
# Visual Studio Version 17
VisualStudioVersion = 17.1.32228.430
MinimumVisualStudioVersion = 10.0.40219.1
Project("{FAE04EC0-301F-11D3-BF4B-00C04F79EFBC}") = "exa", "exa\exa.csproj", "{433C573C-9D18-4246-95D1-5983849EEE64}"
EndProject
Global
	GlobalSection(SolutionConfigurationPlatforms) = preSolution
		Debug|Any CPU = Debug|Any CPU
		Release|Any CPU = Release|Any CPU
	EndGlobalSection
	GlobalSection(ProjectConfigurationPlatforms) = postSolution
		{433C573C-9D18-4246-95D1-5983849EEE64}.Debug|Any CPU.ActiveCfg = Debug|Any CPU
		{433C573C-9D18-4246-95D1-5983849EEE64}.Debug|Any CPU.Build.0 = Debug|Any CPU
		{433C573C-9D18-4246-95D1-5983849EEE64}.Release|Any CPU.ActiveCfg = Release|Any CPU
		{433C573C-9D18-4246-95D1-5983849EEE64}.Release|Any CPU.Build.0 = Release|Any CPU
	EndGlobalSection
	GlobalSection(SolutionProperties) = preSolution
		HideSolutionNode = FALSE
	EndGlobalSection
	GlobalSection(ExtensibilityGlobals) = postSolution
		SolutionGuid = {0EBCBE33-6D53-485F-8D87-87504650CF20}
	EndGlobalSection
EndGlobal
